
Microsoft Visual Studio Solution File, Format Version 12.00
# Visual Studio Version 16
VisualStudioVersion = 16.0.29025.244
MinimumVisualStudioVersion = 10.0.40219.1
Project("{FAE04EC0-301F-11D3-BF4B-00C04F79EFBC}") = "Gunjanelectronics", "Gunjanelectronics\Gunjanelectronics.csproj", "{F3F2E749-E31C-4744-96A9-E1FB65192960}"
EndProject
Global
	GlobalSection(SolutionConfigurationPlatforms) = preSolution
		Debug|Any CPU = Debug|Any CPU
		Release|Any CPU = Release|Any CPU
	EndGlobalSection
	GlobalSection(ProjectConfigurationPlatforms) = postSolution
		{F3F2E749-E31C-4744-96A9-E1FB65192960}.Debug|Any CPU.ActiveCfg = Debug|Any CPU
		{F3F2E749-E31C-4744-96A9-E1FB65192960}.Debug|Any CPU.Build.0 = Debug|Any CPU
		{F3F2E749-E31C-4744-96A9-E1FB65192960}.Release|Any CPU.ActiveCfg = Release|Any CPU
		{F3F2E749-E31C-4744-96A9-E1FB65192960}.Release|Any CPU.Build.0 = Release|Any CPU
	EndGlobalSection
	GlobalSection(SolutionProperties) = preSolution
		HideSolutionNode = FALSE
	EndGlobalSection
	GlobalSection(ExtensibilityGlobals) = postSolution
		SolutionGuid = {B8DFC380-BF0D-4945-9229-BAAA009A3B8C}
	EndGlobalSection
EndGlobal
